
Microsoft Visual Studio Solution File, Format Version 12.00
# Visual Studio Version 17
VisualStudioVersion = 17.14.36623.8 d17.14
MinimumVisualStudioVersion = 10.0.40219.1
Project("{FAE04EC0-301F-11D3-BF4B-00C04F79EFBC}") = "Aula1", "Aula1\Aula1.csproj", "{97976BCC-D130-4300-B31B-5BBEECFBF53C}"
EndProject
Global
	GlobalSection(SolutionConfigurationPlatforms) = preSolution
		Debug|Any CPU = Debug|Any CPU
		Release|Any CPU = Release|Any CPU
	EndGlobalSection
	GlobalSection(ProjectConfigurationPlatforms) = postSolution
		{97976BCC-D130-4300-B31B-5BBEECFBF53C}.Debug|Any CPU.ActiveCfg = Debug|Any CPU
		{97976BCC-D130-4300-B31B-5BBEECFBF53C}.Debug|Any CPU.Build.0 = Debug|Any CPU
		{97976BCC-D130-4300-B31B-5BBEECFBF53C}.Release|Any CPU.ActiveCfg = Release|Any CPU
		{97976BCC-D130-4300-B31B-5BBEECFBF53C}.Release|Any CPU.Build.0 = Release|Any CPU
	EndGlobalSection
	GlobalSection(SolutionProperties) = preSolution
		HideSolutionNode = FALSE
	EndGlobalSection
	GlobalSection(ExtensibilityGlobals) = postSolution
		SolutionGuid = {CC5C7A26-8369-43DE-B00F-B95E059609C4}
	EndGlobalSection
EndGlobal
